
Microsoft Visual Studio Solution File, Format Version 12.00
# Visual Studio Version 17
VisualStudioVersion = 17.0.31903.59
MinimumVisualStudioVersion = 10.0.40219.1
Project("{2150E333-8FDC-42A3-9474-1A3956D46DE8}") = "src", "src", "{827E0CD3-B72D-47B6-A68D-7590B98EB39B}"
EndProject
Project("{FAE04EC0-301F-11D3-BF4B-00C04F79EFBC}") = "Overt.Compiler", "src\Overt.Compiler\Overt.Compiler.csproj", "{2A83347C-CF6F-4AD6-BC24-374BA57C0EF9}"
EndProject
Project("{FAE04EC0-301F-11D3-BF4B-00C04F79EFBC}") = "Overt.Backend.CSharp", "src\Overt.Backend.CSharp\Overt.Backend.CSharp.csproj", "{CAB736AE-98DE-4A33-8379-23319FFAB159}"
EndProject
Project("{FAE04EC0-301F-11D3-BF4B-00C04F79EFBC}") = "Overt.Backend.Go", "src\Overt.Backend.Go\Overt.Backend.Go.csproj", "{B0951BF9-ABFB-4B32-81C7-057EF6F23449}"
EndProject
Project("{FAE04EC0-301F-11D3-BF4B-00C04F79EFBC}") = "Overt.Cli", "src\Overt.Cli\Overt.Cli.csproj", "{6A97EFA7-962C-4499-898C-FD853C7061B8}"
EndProject
Project("{FAE04EC0-301F-11D3-BF4B-00C04F79EFBC}") = "Overt.Tests", "tests\Overt.Tests\Overt.Tests.csproj", "{33F9B0B0-29CF-45CF-B3A1-02BB711EE5FE}"
EndProject
Project("{FAE04EC0-301F-11D3-BF4B-00C04F79EFBC}") = "Overt.Runtime", "src\Overt.Runtime\Overt.Runtime.csproj", "{4A54ABD0-EC60-495D-95F2-98973093CD7B}"
EndProject
Project("{2150E333-8FDC-42A3-9474-1A3956D46DE8}") = "tests", "tests", "{0AB3BF05-4346-4AA6-1389-037BE0695223}"
EndProject
Project("{FAE04EC0-301F-11D3-BF4B-00C04F79EFBC}") = "Overt.EndToEnd", "tests\Overt.EndToEnd\Overt.EndToEnd.csproj", "{4B87E7BF-E52B-4CBC-B093-93F31BC246CF}"
EndProject
Global
	GlobalSection(SolutionConfigurationPlatforms) = preSolution
		Debug|Any CPU = Debug|Any CPU
		Debug|x64 = Debug|x64
		Debug|x86 = Debug|x86
		Release|Any CPU = Release|Any CPU
		Release|x64 = Release|x64
		Release|x86 = Release|x86
	EndGlobalSection
	GlobalSection(ProjectConfigurationPlatforms) = postSolution
		{2A83347C-CF6F-4AD6-BC24-374BA57C0EF9}.Debug|Any CPU.ActiveCfg = Debug|Any CPU
		{2A83347C-CF6F-4AD6-BC24-374BA57C0EF9}.Debug|Any CPU.Build.0 = Debug|Any CPU
		{2A83347C-CF6F-4AD6-BC24-374BA57C0EF9}.Debug|x64.ActiveCfg = Debug|Any CPU
		{2A83347C-CF6F-4AD6-BC24-374BA57C0EF9}.Debug|x64.Build.0 = Debug|Any CPU
		{2A83347C-CF6F-4AD6-BC24-374BA57C0EF9}.Debug|x86.ActiveCfg = Debug|Any CPU
		{2A83347C-CF6F-4AD6-BC24-374BA57C0EF9}.Debug|x86.Build.0 = Debug|Any CPU
		{2A83347C-CF6F-4AD6-BC24-374BA57C0EF9}.Release|Any CPU.ActiveCfg = Release|Any CPU
		{2A83347C-CF6F-4AD6-BC24-374BA57C0EF9}.Release|Any CPU.Build.0 = Release|Any CPU
		{2A83347C-CF6F-4AD6-BC24-374BA57C0EF9}.Release|x64.ActiveCfg = Release|Any CPU
		{2A83347C-CF6F-4AD6-BC24-374BA57C0EF9}.Release|x64.Build.0 = Release|Any CPU
		{2A83347C-CF6F-4AD6-BC24-374BA57C0EF9}.Release|x86.ActiveCfg = Release|Any CPU
		{2A83347C-CF6F-4AD6-BC24-374BA57C0EF9}.Release|x86.Build.0 = Release|Any CPU
		{CAB736AE-98DE-4A33-8379-23319FFAB159}.Debug|Any CPU.ActiveCfg = Debug|Any CPU
		{CAB736AE-98DE-4A33-8379-23319FFAB159}.Debug|Any CPU.Build.0 = Debug|Any CPU
		{CAB736AE-98DE-4A33-8379-23319FFAB159}.Debug|x64.ActiveCfg = Debug|Any CPU
		{CAB736AE-98DE-4A33-8379-23319FFAB159}.Debug|x64.Build.0 = Debug|Any CPU
		{CAB736AE-98DE-4A33-8379-23319FFAB159}.Debug|x86.ActiveCfg = Debug|Any CPU
		{CAB736AE-98DE-4A33-8379-23319FFAB159}.Debug|x86.Build.0 = Debug|Any CPU
		{CAB736AE-98DE-4A33-8379-23319FFAB159}.Release|Any CPU.ActiveCfg = Release|Any CPU
		{CAB736AE-98DE-4A33-8379-23319FFAB159}.Release|Any CPU.Build.0 = Release|Any CPU
		{CAB736AE-98DE-4A33-8379-23319FFAB159}.Release|x64.ActiveCfg = Release|Any CPU
		{CAB736AE-98DE-4A33-8379-23319FFAB159}.Release|x64.Build.0 = Release|Any CPU
		{CAB736AE-98DE-4A33-8379-23319FFAB159}.Release|x86.ActiveCfg = Release|Any CPU
		{CAB736AE-98DE-4A33-8379-23319FFAB159}.Release|x86.Build.0 = Release|Any CPU
		{B0951BF9-ABFB-4B32-81C7-057EF6F23449}.Debug|Any CPU.ActiveCfg = Debug|Any CPU
		{B0951BF9-ABFB-4B32-81C7-057EF6F23449}.Debug|Any CPU.Build.0 = Debug|Any CPU
		{B0951BF9-ABFB-4B32-81C7-057EF6F23449}.Debug|x64.ActiveCfg = Debug|Any CPU
		{B0951BF9-ABFB-4B32-81C7-057EF6F23449}.Debug|x64.Build.0 = Debug|Any CPU
		{B0951BF9-ABFB-4B32-81C7-057EF6F23449}.Debug|x86.ActiveCfg = Debug|Any CPU
		{B0951BF9-ABFB-4B32-81C7-057EF6F23449}.Debug|x86.Build.0 = Debug|Any CPU
		{B0951BF9-ABFB-4B32-81C7-057EF6F23449}.Release|Any CPU.ActiveCfg = Release|Any CPU
		{B0951BF9-ABFB-4B32-81C7-057EF6F23449}.Release|Any CPU.Build.0 = Release|Any CPU
		{B0951BF9-ABFB-4B32-81C7-057EF6F23449}.Release|x64.ActiveCfg = Release|Any CPU
		{B0951BF9-ABFB-4B32-81C7-057EF6F23449}.Release|x64.Build.0 = Release|Any CPU
		{B0951BF9-ABFB-4B32-81C7-057EF6F23449}.Release|x86.ActiveCfg = Release|Any CPU
		{B0951BF9-ABFB-4B32-81C7-057EF6F23449}.Release|x86.Build.0 = Release|Any CPU
		{6A97EFA7-962C-4499-898C-FD853C7061B8}.Debug|Any CPU.ActiveCfg = Debug|Any CPU
		{6A97EFA7-962C-4499-898C-FD853C7061B8}.Debug|Any CPU.Build.0 = Debug|Any CPU
		{6A97EFA7-962C-4499-898C-FD853C7061B8}.Debug|x64.ActiveCfg = Debug|Any CPU
		{6A97EFA7-962C-4499-898C-FD853C7061B8}.Debug|x64.Build.0 = Debug|Any CPU
		{6A97EFA7-962C-4499-898C-FD853C7061B8}.Debug|x86.ActiveCfg = Debug|Any CPU
		{6A97EFA7-962C-4499-898C-FD853C7061B8}.Debug|x86.Build.0 = Debug|Any CPU
		{6A97EFA7-962C-4499-898C-FD853C7061B8}.Release|Any CPU.ActiveCfg = Release|Any CPU
		{6A97EFA7-962C-4499-898C-FD853C7061B8}.Release|Any CPU.Build.0 = Release|Any CPU
		{6A97EFA7-962C-4499-898C-FD853C7061B8}.Release|x64.ActiveCfg = Release|Any CPU
		{6A97EFA7-962C-4499-898C-FD853C7061B8}.Release|x64.Build.0 = Release|Any CPU
		{6A97EFA7-962C-4499-898C-FD853C7061B8}.Release|x86.ActiveCfg = Release|Any CPU
		{6A97EFA7-962C-4499-898C-FD853C7061B8}.Release|x86.Build.0 = Release|Any CPU
		{33F9B0B0-29CF-45CF-B3A1-02BB711EE5FE}.Debug|Any CPU.ActiveCfg = Debug|Any CPU
		{33F9B0B0-29CF-45CF-B3A1-02BB711EE5FE}.Debug|Any CPU.Build.0 = Debug|Any CPU
		{33F9B0B0-29CF-45CF-B3A1-02BB711EE5FE}.Debug|x64.ActiveCfg = Debug|Any CPU
		{33F9B0B0-29CF-45CF-B3A1-02BB711EE5FE}.Debug|x64.Build.0 = Debug|Any CPU
		{33F9B0B0-29CF-45CF-B3A1-02BB711EE5FE}.Debug|x86.ActiveCfg = Debug|Any CPU
		{33F9B0B0-29CF-45CF-B3A1-02BB711EE5FE}.Debug|x86.Build.0 = Debug|Any CPU
		{33F9B0B0-29CF-45CF-B3A1-02BB711EE5FE}.Release|Any CPU.ActiveCfg = Release|Any CPU
		{33F9B0B0-29CF-45CF-B3A1-02BB711EE5FE}.Release|Any CPU.Build.0 = Release|Any CPU
		{33F9B0B0-29CF-45CF-B3A1-02BB711EE5FE}.Release|x64.ActiveCfg = Release|Any CPU
		{33F9B0B0-29CF-45CF-B3A1-02BB711EE5FE}.Release|x64.Build.0 = Release|Any CPU
		{33F9B0B0-29CF-45CF-B3A1-02BB711EE5FE}.Release|x86.ActiveCfg = Release|Any CPU
		{33F9B0B0-29CF-45CF-B3A1-02BB711EE5FE}.Release|x86.Build.0 = Release|Any CPU
		{4A54ABD0-EC60-495D-95F2-98973093CD7B}.Debug|Any CPU.ActiveCfg = Debug|Any CPU
		{4A54ABD0-EC60-495D-95F2-98973093CD7B}.Debug|Any CPU.Build.0 = Debug|Any CPU
		{4A54ABD0-EC60-495D-95F2-98973093CD7B}.Debug|x64.ActiveCfg = Debug|Any CPU
		{4A54ABD0-EC60-495D-95F2-98973093CD7B}.Debug|x64.Build.0 = Debug|Any CPU
		{4A54ABD0-EC60-495D-95F2-98973093CD7B}.Debug|x86.ActiveCfg = Debug|Any CPU
		{4A54ABD0-EC60-495D-95F2-98973093CD7B}.Debug|x86.Build.0 = Debug|Any CPU
		{4A54ABD0-EC60-495D-95F2-98973093CD7B}.Release|Any CPU.ActiveCfg = Release|Any CPU
		{4A54ABD0-EC60-495D-95F2-98973093CD7B}.Release|Any CPU.Build.0 = Release|Any CPU
		{4A54ABD0-EC60-495D-95F2-98973093CD7B}.Release|x64.ActiveCfg = Release|Any CPU
		{4A54ABD0-EC60-495D-95F2-98973093CD7B}.Release|x64.Build.0 = Release|Any CPU
		{4A54ABD0-EC60-495D-95F2-98973093CD7B}.Release|x86.ActiveCfg = Release|Any CPU
		{4A54ABD0-EC60-495D-95F2-98973093CD7B}.Release|x86.Build.0 = Release|Any CPU
		{4B87E7BF-E52B-4CBC-B093-93F31BC246CF}.Debug|Any CPU.ActiveCfg = Debug|Any CPU
		{4B87E7BF-E52B-4CBC-B093-93F31BC246CF}.Debug|Any CPU.Build.0 = Debug|Any CPU
		{4B87E7BF-E52B-4CBC-B093-93F31BC246CF}.Debug|x64.ActiveCfg = Debug|Any CPU
		{4B87E7BF-E52B-4CBC-B093-93F31BC246CF}.Debug|x64.Build.0 = Debug|Any CPU
		{4B87E7BF-E52B-4CBC-B093-93F31BC246CF}.Debug|x86.ActiveCfg = Debug|Any CPU
		{4B87E7BF-E52B-4CBC-B093-93F31BC246CF}.Debug|x86.Build.0 = Debug|Any CPU
		{4B87E7BF-E52B-4CBC-B093-93F31BC246CF}.Release|Any CPU.ActiveCfg = Release|Any CPU
		{4B87E7BF-E52B-4CBC-B093-93F31BC246CF}.Release|Any CPU.Build.0 = Release|Any CPU
		{4B87E7BF-E52B-4CBC-B093-93F31BC246CF}.Release|x64.ActiveCfg = Release|Any CPU
		{4B87E7BF-E52B-4CBC-B093-93F31BC246CF}.Release|x64.Build.0 = Release|Any CPU
		{4B87E7BF-E52B-4CBC-B093-93F31BC246CF}.Release|x86.ActiveCfg = Release|Any CPU
		{4B87E7BF-E52B-4CBC-B093-93F31BC246CF}.Release|x86.Build.0 = Release|Any CPU
	EndGlobalSection
	GlobalSection(SolutionProperties) = preSolution
		HideSolutionNode = FALSE
	EndGlobalSection
	GlobalSection(NestedProjects) = preSolution
		{2A83347C-CF6F-4AD6-BC24-374BA57C0EF9} = {827E0CD3-B72D-47B6-A68D-7590B98EB39B}
		{CAB736AE-98DE-4A33-8379-23319FFAB159} = {827E0CD3-B72D-47B6-A68D-7590B98EB39B}
		{B0951BF9-ABFB-4B32-81C7-057EF6F23449} = {827E0CD3-B72D-47B6-A68D-7590B98EB39B}
		{6A97EFA7-962C-4499-898C-FD853C7061B8} = {827E0CD3-B72D-47B6-A68D-7590B98EB39B}
		{33F9B0B0-29CF-45CF-B3A1-02BB711EE5FE} = {827E0CD3-B72D-47B6-A68D-7590B98EB39B}
		{4A54ABD0-EC60-495D-95F2-98973093CD7B} = {827E0CD3-B72D-47B6-A68D-7590B98EB39B}
		{4B87E7BF-E52B-4CBC-B093-93F31BC246CF} = {0AB3BF05-4346-4AA6-1389-037BE0695223}
	EndGlobalSection
EndGlobal
